// !$*UTF8*$!
{
	archiveVersion = 1;
	classes = {
	};
	objectVersion = 46;
	objects = {

/* Begin PBXBuildFile section */
		23503B77F45B166F6BB212BC /* libPods-MapTrack.a in Frameworks */ = {isa = PBXBuildFile; fileRef = E194548BDA997563C6B36BDD /* libPods-MapTrack.a */; };
		F55E53D21B85CD5900EE6E70 /* main.m in Sources */ = {isa = PBXBuildFile; fileRef = F55E53D11B85CD5900EE6E70 /* main.m */; };
		F55E53D51B85CD5900EE6E70 /* AppDelegate.m in Sources */ = {isa = PBXBuildFile; fileRef = F55E53D41B85CD5900EE6E70 /* AppDelegate.m */; };
		F55E53D81B85CD5900EE6E70 /* ViewController.m in Sources */ = {isa = PBXBuildFile; fileRef = F55E53D71B85CD5900EE6E70 /* ViewController.m */; };
		F55E53DB1B85CD5900EE6E70 /* Main.storyboard in Resources */ = {isa = PBXBuildFile; fileRef = F55E53D91B85CD5900EE6E70 /* Main.storyboard */; };
		F55E53DD1B85CD5900EE6E70 /* Images.xcassets in Resources */ = {isa = PBXBuildFile; fileRef = F55E53DC1B85CD5900EE6E70 /* Images.xcassets */; };
		F55E53E01B85CD5900EE6E70 /* LaunchScreen.xib in Resources */ = {isa = PBXBuildFile; fileRef = F55E53DE1B85CD5900EE6E70 /* LaunchScreen.xib */; };
		F55E53EC1B85CD5900EE6E70 /* MapTrackTests.m in Sources */ = {isa = PBXBuildFile; fileRef = F55E53EB1B85CD5900EE6E70 /* MapTrackTests.m */; };
/* End PBXBuildFile section */

/* Begin PBXContainerItemProxy section */
		F55E53E61B85CD5900EE6E70 /* PBXContainerItemProxy */ = {
			isa = PBXContainerItemProxy;
			containerPortal = F55E53C41B85CD5900EE6E70 /* Project object */;
			proxyType = 1;
			remoteGlobalIDString = F55E53CB1B85CD5900EE6E70;
			remoteInfo = MapTrack;
		};
/* End PBXContainerItemProxy section */

/* Begin PBXFileReference section */
		36E991726C23B2C2EEFB5BC4 /* Pods-MapTrack.debug.xcconfig */ = {isa = PBXFileReference; includeInIndex = 1; lastKnownFileType = text.xcconfig; name = "Pods-MapTrack.debug.xcconfig"; path = "Pods/Target Support Files/Pods-MapTrack/Pods-MapTrack.debug.xcconfig"; sourceTree = "<group>"; };
		E194548BDA997563C6B36BDD /* libPods-MapTrack.a */ = {isa = PBXFileReference; explicitFileType = archive.ar; includeInIndex = 0; path = "libPods-MapTrack.a"; sourceTree = BUILT_PRODUCTS_DIR; };
		E5EF6C921738784439781CC1 /* Pods-MapTrack.release.xcconfig */ = {isa = PBXFileReference; includeInIndex = 1; lastKnownFileType = text.xcconfig; name = "Pods-MapTrack.release.xcconfig"; path = "Pods/Target Support Files/Pods-MapTrack/Pods-MapTrack.release.xcconfig"; sourceTree = "<group>"; };
		F55E53CC1B85CD5900EE6E70 /* MapTrack.app */ = {isa = PBXFileReference; explicitFileType = wrapper.application; includeInIndex = 0; path = MapTrack.app; sourceTree = BUILT_PRODUCTS_DIR; };
		F55E53D01B85CD5900EE6E70 /* Info.plist */ = {isa = PBXFileReference; lastKnownFileType = text.plist.xml; path = Info.plist; sourceTree = "<group>"; };
		F55E53D11B85CD5900EE6E70 /* main.m */ = {isa = PBXFileReference; lastKnownFileType = sourcecode.c.objc; path = main.m; sourceTree = "<group>"; };
		F55E53D31B85CD5900EE6E70 /* AppDelegate.h */ = {isa = PBXFileReference; lastKnownFileType = sourcecode.c.h; path = AppDelegate.h; sourceTree = "<group>"; };
		F55E53D41B85CD5900EE6E70 /* AppDelegate.m */ = {isa = PBXFileReference; lastKnownFileType = sourcecode.c.objc; path = AppDelegate.m; sourceTree = "<group>"; };
		F55E53D61B85CD5900EE6E70 /* ViewController.h */ = {isa = PBXFileReference; lastKnownFileType = sourcecode.c.h; path = ViewController.h; sourceTree = "<group>"; };
		F55E53D71B85CD5900EE6E70 /* ViewController.m */ = {isa = PBXFileReference; lastKnownFileType = sourcecode.c.objc; path = ViewController.m; sourceTree = "<group>"; };
		F55E53DA1B85CD5900EE6E70 /* Base */ = {isa = PBXFileReference; lastKnownFileType = file.storyboard; name = Base; path = Base.lproj/Main.storyboard; sourceTree = "<group>"; };
		F55E53DC1B85CD5900EE6E70 /* Images.xcassets */ = {isa = PBXFileReference; lastKnownFileType = folder.assetcatalog; path = Images.xcassets; sourceTree = "<group>"; };
		F55E53DF1B85CD5900EE6E70 /* Base */ = {isa = PBXFileReference; lastKnownFileType = file.xib; name = Base; path = Base.lproj/LaunchScreen.xib; sourceTree = "<group>"; };
		F55E53E51B85CD5900EE6E70 /* MapTrackTests.xctest */ = {isa = PBXFileReference; explicitFileType = wrapper.cfbundle; includeInIndex = 0; path = MapTrackTests.xctest; sourceTree = BUILT_PRODUCTS_DIR; };
		F55E53EA1B85CD5900EE6E70 /* Info.plist */ = {isa = PBXFileReference; lastKnownFileType = text.plist.xml; path = Info.plist; sourceTree = "<group>"; };
		F55E53EB1B85CD5900EE6E70 /* MapTrackTests.m */ = {isa = PBXFileReference; lastKnownFileType = sourcecode.c.objc; path = MapTrackTests.m; sourceTree = "<group>"; };
/* End PBXFileReference section */

/* Begin PBXFrameworksBuildPhase section */
		F55E53C91B85CD5900EE6E70 /* Frameworks */ = {
			isa = PBXFrameworksBuildPhase;
			buildActionMask = 2147483647;
			files = (
				23503B77F45B166F6BB212BC /* libPods-MapTrack.a in Frameworks */,
			);
			runOnlyForDeploymentPostprocessing = 0;
		};
		F55E53E21B85CD5900EE6E70 /* Frameworks */ = {
			isa = PBXFrameworksBuildPhase;
			buildActionMask = 2147483647;
			files = (
			);
			runOnlyForDeploymentPostprocessing = 0;
		};
/* End PBXFrameworksBuildPhase section */

/* Begin PBXGroup section */
		428F54A4342EBF7011C9D0A3 /* Pods */ = {
			isa = PBXGroup;
			children = (
				36E991726C23B2C2EEFB5BC4 /* Pods-MapTrack.debug.xcconfig */,
				E5EF6C921738784439781CC1 /* Pods-MapTrack.release.xcconfig */,
			);
			name = Pods;
			sourceTree = "<group>";
		};
		D38E0FA2E475EF960FF740D4 /* Frameworks */ = {
			isa = PBXGroup;
			children = (
				E194548BDA997563C6B36BDD /* libPods-MapTrack.a */,
			);
			name = Frameworks;
			sourceTree = "<group>";
		};
		F55E53C31B85CD5900EE6E70 = {
			isa = PBXGroup;
			children = (
				F55E53CE1B85CD5900EE6E70 /* MapTrack */,
				F55E53E81B85CD5900EE6E70 /* MapTrackTests */,
				F55E53CD1B85CD5900EE6E70 /* Products */,
				428F54A4342EBF7011C9D0A3 /* Pods */,
				D38E0FA2E475EF960FF740D4 /* Frameworks */,
			);
			sourceTree = "<group>";
		};
		F55E53CD1B85CD5900EE6E70 /* Products */ = {
			isa = PBXGroup;
			children = (
				F55E53CC1B85CD5900EE6E70 /* MapTrack.app */,
				F55E53E51B85CD5900EE6E70 /* MapTrackTests.xctest */,
			);
			name = Products;
			sourceTree = "<group>";
		};
		F55E53CE1B85CD5900EE6E70 /* MapTrack */ = {
			isa = PBXGroup;
			children = (
				F55E53D31B85CD5900EE6E70 /* AppDelegate.h */,
				F55E53D41B85CD5900EE6E70 /* AppDelegate.m */,
				F55E53D61B85CD5900EE6E70 /* ViewController.h */,
				F55E53D71B85CD5900EE6E70 /* ViewController.m */,
				F55E53D91B85CD5900EE6E70 /* Main.storyboard */,
				F55E53DC1B85CD5900EE6E70 /* Images.xcassets */,
				F55E53DE1B85CD5900EE6E70 /* LaunchScreen.xib */,
				F55E53CF1B85CD5900EE6E70 /* Supporting Files */,
			);
			path = MapTrack;
			sourceTree = "<group>";
		};
		F55E53CF1B85CD5900EE6E70 /* Supporting Files */ = {
			isa = PBXGroup;
			children = (
				F55E53D01B85CD5900EE6E70 /* Info.plist */,
				F55E53D11B85CD5900EE6E70 /* main.m */,
			);
			name = "Supporting Files";
			sourceTree = "<group>";
		};
		F55E53E81B85CD5900EE6E70 /* MapTrackTests */ = {
			isa = PBXGroup;
			children = (
				F55E53EB1B85CD5900EE6E70 /* MapTrackTests.m */,
				F55E53E91B85CD5900EE6E70 /* Supporting Files */,
			);
			path = MapTrackTests;
			sourceTree = "<group>";
		};
		F55E53E91B85CD5900EE6E70 /* Supporting Files */ = {
			isa = PBXGroup;
			children = (
				F55E53EA1B85CD5900EE6E70 /* Info.plist */,
			);
			name = "Supporting Files";
			sourceTree = "<group>";
		};
/* End PBXGroup section */

/* Begin PBXNativeTarget section */
		F55E53CB1B85CD5900EE6E70 /* MapTrack */ = {
			isa = PBXNativeTarget;
			buildConfigurationList = F55E53EF1B85CD5900EE6E70 /* Build configuration list for PBXNativeTarget "MapTrack" */;
			buildPhases = (
				B61783C687CFC4719C3C7DE9 /* Check Pods Manifest.lock */,
				F55E53C81B85CD5900EE6E70 /* Sources */,
				F55E53C91B85CD5900EE6E70 /* Frameworks */,
				F55E53CA1B85CD5900EE6E70 /* Resources */,
				79164414A5CE500706B33617 /* Copy Pods Resources */,
			);
			buildRules = (
			);
			dependencies = (
			);
			name = MapTrack;
			productName = MapTrack;
			productReference = F55E53CC1B85CD5900EE6E70 /* MapTrack.app */;
			productType = "com.apple.product-type.application";
		};
		F55E53E41B85CD5900EE6E70 /* MapTrackTests */ = {
			isa = PBXNativeTarget;
			buildConfigurationList = F55E53F21B85CD5900EE6E70 /* Build configuration list for PBXNativeTarget "MapTrackTests" */;
			buildPhases = (
				F55E53E11B85CD5900EE6E70 /* Sources */,
				F55E53E21B85CD5900EE6E70 /* Frameworks */,
				F55E53E31B85CD5900EE6E70 /* Resources */,
			);
			buildRules = (
			);
			dependencies = (
				F55E53E71B85CD5900EE6E70 /* PBXTargetDependency */,
			);
			name = MapTrackTests;
			productName = MapTrackTests;
			productReference = F55E53E51B85CD5900EE6E70 /* MapTrackTests.xctest */;
			productType = "com.apple.product-type.bundle.unit-test";
		};
/* End PBXNativeTarget section */

/* Begin PBXProject section */
		F55E53C41B85CD5900EE6E70 /* Project object */ = {
			isa = PBXProject;
			attributes = {
				LastUpgradeCheck = 0640;
				ORGANIZATIONNAME = Junne;
				TargetAttributes = {
					F55E53CB1B85CD5900EE6E70 = {
						CreatedOnToolsVersion = 6.4;
					};
					F55E53E41B85CD5900EE6E70 = {
						CreatedOnToolsVersion = 6.4;
						TestTargetID = F55E53CB1B85CD5900EE6E70;
					};
				};
			};
			buildConfigurationList = F55E53C71B85CD5900EE6E70 /* Build configuration list for PBXProject "MapTrack" */;
			compatibilityVersion = "Xcode 3.2";
			developmentRegion = English;
			hasScannedForEncodings = 0;
			knownRegions = (
				en,
				Base,
			);
			mainGroup = F55E53C31B85CD5900EE6E70;
			productRefGroup = F55E53CD1B85CD5900EE6E70 /* Products */;
			projectDirPath = "";
			projectRoot = "";
			targets = (
				F55E53CB1B85CD5900EE6E70 /* MapTrack */,
				F55E53E41B85CD5900EE6E70 /* MapTrackTests */,
			);
		};
/* End PBXProject section */

/* Begin PBXResourcesBuildPhase section */
		F55E53CA1B85CD5900EE6E70 /* Resources */ = {
			isa = PBXResourcesBuildPhase;
			buildActionMask = 2147483647;
			files = (
				F55E53DB1B85CD5900EE6E70 /* Main.storyboard in Resources */,
				F55E53E01B85CD5900EE6E70 /* LaunchScreen.xib in Resources */,
				F55E53DD1B85CD5900EE6E70 /* Images.xcassets in Resources */,
			);
			runOnlyForDeploymentPostprocessing = 0;
		};
		F55E53E31B85CD5900EE6E70 /* Resources */ = {
			isa = PBXResourcesBuildPhase;
			buildActionMask = 2147483647;
			files = (
			);
			runOnlyForDeploymentPostprocessing = 0;
		};
/* End PBXResourcesBuildPhase section */

/* Begin PBXShellScriptBuildPhase section */
		79164414A5CE500706B33617 /* Copy Pods Resources */ = {
			isa = PBXShellScriptBuildPhase;
			buildActionMask = 2147483647;
			files = (
			);
			inputPaths = (
			);
			name = "Copy Pods Resources";
			outputPaths = (
			);
			runOnlyForDeploymentPostprocessing = 0;
			shellPath = /bin/sh;
			shellScript = "\"${SRCROOT}/Pods/Target Support Files/Pods-MapTrack/Pods-MapTrack-resources.sh\"\n";
			showEnvVarsInLog = 0;
		};
		B61783C687CFC4719C3C7DE9 /* Check Pods Manifest.lock */ = {
			isa = PBXShellScriptBuildPhase;
			buildActionMask = 2147483647;
			files = (
			);
			inputPaths = (
			);
			name = "Check Pods Manifest.lock";
			outputPaths = (
			);
			runOnlyForDeploymentPostprocessing = 0;
			shellPath = /bin/sh;
			shellScript = "diff \"${PODS_ROOT}/../Podfile.lock\" \"${PODS_ROOT}/Manifest.lock\" > /dev/null\nif [[ $? != 0 ]] ; then\n    cat << EOM\nerror: The sandbox is not in sync with the Podfile.lock. Run 'pod install' or update your CocoaPods installation.\nEOM\n    exit 1\nfi\n";
			showEnvVarsInLog = 0;
		};
/* End PBXShellScriptBuildPhase section */

/* Begin PBXSourcesBuildPhase section */
		F55E53C81B85CD5900EE6E70 /* Sources */ = {
			isa = PBXSourcesBuildPhase;
			buildActionMask = 2147483647;
			files = (
				F55E53D81B85CD5900EE6E70 /* ViewController.m in Sources */,
				F55E53D51B85CD5900EE6E70 /* AppDelegate.m in Sources */,
				F55E53D21B85CD5900EE6E70 /* main.m in Sources */,
			);
			runOnlyForDeploymentPostprocessing = 0;
		};
		F55E53E11B85CD5900EE6E70 /* Sources */ = {
			isa = PBXSourcesBuildPhase;
			buildActionMask = 2147483647;
			files = (
				F55E53EC1B85CD5900EE6E70 /* MapTrackTests.m in Sources */,
			);
			runOnlyForDeploymentPostprocessing = 0;
		};
/* End PBXSourcesBuildPhase section */

/* Begin PBXTargetDependency section */
		F55E53E71B85CD5900EE6E70 /* PBXTargetDependency */ = {
			isa = PBXTargetDependency;
			target = F55E53CB1B85CD5900EE6E70 /* MapTrack */;
			targetProxy = F55E53E61B85CD5900EE6E70 /* PBXContainerItemProxy */;
		};
/* End PBXTargetDependency section */

/* Begin PBXVariantGroup section */
		F55E53D91B85CD5900EE6E70 /* Main.storyboard */ = {
			isa = PBXVariantGroup;
			children = (
				F55E53DA1B85CD5900EE6E70 /* Base */,
			);
			name = Main.storyboard;
			sourceTree = "<group>";
		};
		F55E53DE1B85CD5900EE6E70 /* LaunchScreen.xib */ = {
			isa = PBXVariantGroup;
			children = (
				F55E53DF1B85CD5900EE6E70 /* Base */,
			);
			name = LaunchScreen.xib;
			sourceTree = "<group>";
		};
/* End PBXVariantGroup section */

/* Begin XCBuildConfiguration section */
		F55E53ED1B85CD5900EE6E70 /* Debug */ = {
			isa = XCBuildConfiguration;
			buildSettings = {
				ALWAYS_SEARCH_USER_PATHS = NO;
				CLANG_CXX_LANGUAGE_STANDARD = "gnu++0x";
				CLANG_CXX_LIBRARY = "libc++";
				CLANG_ENABLE_MODULES = YES;
				CLANG_ENABLE_OBJC_ARC = YES;
				CLANG_WARN_BOOL_CONVERSION = YES;
				CLANG_WARN_CONSTANT_CONVERSION = YES;
				CLANG_WARN_DIRECT_OBJC_ISA_USAGE = YES_ERROR;
				CLANG_WARN_EMPTY_BODY = YES;
				CLANG_WARN_ENUM_CONVERSION = YES;
				CLANG_WARN_INT_CONVERSION = YES;
				CLANG_WARN_OBJC_ROOT_CLASS = YES_ERROR;
				CLANG_WARN_UNREACHABLE_CODE = YES;
				CLANG_WARN__DUPLICATE_METHOD_MATCH = YES;
				"CODE_SIGN_IDENTITY[sdk=iphoneos*]" = "iPhone Developer";
				COPY_PHASE_STRIP = NO;
				DEBUG_INFORMATION_FORMAT = "dwarf-with-dsym";
				ENABLE_STRICT_OBJC_MSGSEND = YES;
				GCC_C_LANGUAGE_STANDARD = gnu99;
				GCC_DYNAMIC_NO_PIC = NO;
				GCC_NO_COMMON_BLOCKS = YES;
				GCC_OPTIMIZATION_LEVEL = 0;
				GCC_PREPROCESSOR_DEFINITIONS = (
					"DEBUG=1",
					"$(inherited)",
				);
				GCC_SYMBOLS_PRIVATE_EXTERN = NO;
				GCC_WARN_64_TO_32_BIT_CONVERSION = YES;
				GCC_WARN_ABOUT_RETURN_TYPE = YES_ERROR;
				GCC_WARN_UNDECLARED_SELECTOR = YES;
				GCC_WARN_UNINITIALIZED_AUTOS = YES_AGGRESSIVE;
				GCC_WARN_UNUSED_FUNCTION = YES;
				GCC_WARN_UNUSED_VARIABLE = YES;
				IPHONEOS_DEPLOYMENT_TARGET = 8.4;
				MTL_ENABLE_DEBUG_INFO = YES;
				ONLY_ACTIVE_ARCH = YES;
				SDKROOT = iphoneos;
				TARGETED_DEVICE_FAMILY = "1,2";
			};
			name = Debug;
		};
		F55E53EE1B85CD5900EE6E70 /* Release */ = {
			isa = XCBuildConfiguration;
			buildSettings = {
				ALWAYS_SEARCH_USER_PATHS = NO;
				CLANG_CXX_LANGUAGE_STANDARD = "gnu++0x";
				CLANG_CXX_LIBRARY = "libc++";
				CLANG_ENABLE_MODULES = YES;
				CLANG_ENABLE_OBJC_ARC = YES;
				CLANG_WARN_BOOL_CONVERSION = YES;
				CLANG_WARN_CONSTANT_CONVERSION = YES;
				CLANG_WARN_DIRECT_OBJC_ISA_USAGE = YES_ERROR;
				CLANG_WARN_EMPTY_BODY = YES;
				CLANG_WARN_ENUM_CONVERSION = YES;
				CLANG_WARN_INT_CONVERSION = YES;
				CLANG_WARN_OBJC_ROOT_CLASS = YES_ERROR;
				CLANG_WARN_UNREACHABLE_CODE = YES;
				CLANG_WARN__DUPLICATE_METHOD_MATCH = YES;
				"CODE_SIGN_IDENTITY[sdk=iphoneos*]" = "iPhone Developer";
				COPY_PHASE_STRIP = NO;
				DEBUG_INFORMATION_FORMAT = "dwarf-with-dsym";
				ENABLE_NS_ASSERTIONS = NO;
				ENABLE_STRICT_OBJC_MSGSEND = YES;
				GCC_C_LANGUAGE_STANDARD = gnu99;
				GCC_NO_COMMON_BLOCKS = YES;
				GCC_WARN_64_TO_32_BIT_CONVERSION = YES;
				GCC_WARN_ABOUT_RETURN_TYPE = YES_ERROR;
				GCC_WARN_UNDECLARED_SELECTOR = YES;
				GCC_WARN_UNINITIALIZED_AUTOS = YES_AGGRESSIVE;
				GCC_WARN_UNUSED_FUNCTION = YES;
				GCC_WARN_UNUSED_VARIABLE = YES;
				IPHONEOS_DEPLOYMENT_TARGET = 8.4;
				MTL_ENABLE_DEBUG_INFO = NO;
				SDKROOT = iphoneos;
				TARGETED_DEVICE_FAMILY = "1,2";
				VALIDATE_PRODUCT = YES;
			};
			name = Release;
		};
		F55E53F01B85CD5900EE6E70 /* Debug */ = {
			isa = XCBuildConfiguration;
			baseConfigurationReference = 36E991726C23B2C2EEFB5BC4 /* Pods-MapTrack.debug.xcconfig */;
			buildSettings = {
				ASSETCATALOG_COMPILER_APPICON_NAME = AppIcon;
				INFOPLIST_FILE = MapTrack/Info.plist;
				LD_RUNPATH_SEARCH_PATHS = "$(inherited) @executable_path/Frameworks";
				PRODUCT_NAME = "$(TARGET_NAME)";
			};
			name = Debug;
		};
		F55E53F11B85CD5900EE6E70 /* Release */ = {
			isa = XCBuildConfiguration;
			baseConfigurationReference = E5EF6C921738784439781CC1 /* Pods-MapTrack.release.xcconfig */;
			buildSettings = {
				ASSETCATALOG_COMPILER_APPICON_NAME = AppIcon;
				INFOPLIST_FILE = MapTrack/Info.plist;
				LD_RUNPATH_SEARCH_PATHS = "$(inherited) @executable_path/Frameworks";
				PRODUCT_NAME = "$(TARGET_NAME)";
			};
			name = Release;
		};
		F55E53F31B85CD5900EE6E70 /* Debug */ = {
			isa = XCBuildConfiguration;
			buildSettings = {
				BUNDLE_LOADER = "$(TEST_HOST)";
				FRAMEWORK_SEARCH_PATHS = (
					"$(SDKROOT)/Developer/Library/Frameworks",
					"$(inherited)",
				);
				GCC_PREPROCESSOR_DEFINITIONS = (
					"DEBUG=1",
					"$(inherited)",
				);
				INFOPLIST_FILE = MapTrackTests/Info.plist;
				LD_RUNPATH_SEARCH_PATHS = "$(inherited) @executable_path/Frameworks @loader_path/Frameworks";
				PRODUCT_NAME = "$(TARGET_NAME)";
				TEST_HOST = "$(BUILT_PRODUCTS_DIR)/MapTrack.app/MapTrack";
			};
			name = Debug;
		};
		F55E53F41B85CD5900EE6E70 /* Release */ = {
			isa = XCBuildConfiguration;
			buildSettings = {
				BUNDLE_LOADER = "$(TEST_HOST)";
				FRAMEWORK_SEARCH_PATHS = (
					"$(SDKROOT)/Developer/Library/Frameworks",
					"$(inherited)",
				);
				INFOPLIST_FILE = MapTrackTests/Info.plist;
				LD_RUNPATH_SEARCH_PATHS = "$(inherited) @executable_path/Frameworks @loader_path/Frameworks";
				PRODUCT_NAME = "$(TARGET_NAME)";
				TEST_HOST = "$(BUILT_PRODUCTS_DIR)/MapTrack.app/MapTrack";
			};
			name = Release;
		};
/* End XCBuildConfiguration section */

/* Begin XCConfigurationList section */
		F55E53C71B85CD5900EE6E70 /* Build configuration list for PBXProject "MapTrack" */ = {
			isa = XCConfigurationList;
			buildConfigurations = (
				F55E53ED1B85CD5900EE6E70 /* Debug */,
				F55E53EE1B85CD5900EE6E70 /* Release */,
			);
			defaultConfigurationIsVisible = 0;
			defaultConfigurationName = Release;
		};
		F55E53EF1B85CD5900EE6E70 /* Build configuration list for PBXNativeTarget "MapTrack" */ = {
			isa = XCConfigurationList;
			buildConfigurations = (
				F55E53F01B85CD5900EE6E70 /* Debug */,
				F55E53F11B85CD5900EE6E70 /* Release */,
			);
			defaultConfigurationIsVisible = 0;
			defaultConfigurationName = Release;
		};
		F55E53F21B85CD5900EE6E70 /* Build configuration list for PBXNativeTarget "MapTrackTests" */ = {
			isa = XCConfigurationList;
			buildConfigurations = (
				F55E53F31B85CD5900EE6E70 /* Debug */,
				F55E53F41B85CD5900EE6E70 /* Release */,
			);
			defaultConfigurationIsVisible = 0;
			defaultConfigurationName = Release;
		};
/* End XCConfigurationList section */
	};
	rootObject = F55E53C41B85CD5900EE6E70 /* Project object */;
}
